// !$*UTF8*$!
{
	archiveVersion = 1;
	classes = {
	};
	objectVersion = 46;
	objects = {

/* Begin PBXBuildFile section */
		E062648F1896CFE50073650D /* main.cpp in Sources */ = {isa = PBXBuildFile; fileRef = E062648E1896CFE50073650D /* main.cpp */; };
		E06264911896CFE50073650D /* atomicarray.1 in CopyFiles */ = {isa = PBXBuildFile; fileRef = E06264901896CFE50073650D /* atomicarray.1 */; };
/* End PBXBuildFile section */

/* Begin PBXCopyFilesBuildPhase section */
		E06264891896CFE50073650D /* CopyFiles */ = {
			isa = PBXCopyFilesBuildPhase;
			buildActionMask = 2147483647;
			dstPath = /usr/share/man/man1/;
			dstSubfolderSpec = 0;
			files = (
				E06264911896CFE50073650D /* atomicarray.1 in CopyFiles */,
			);
			runOnlyForDeploymentPostprocessing = 1;
		};
/* End PBXCopyFilesBuildPhase section */

/* Begin PBXFileReference section */
		E062648B1896CFE50073650D /* atomicarray */ = {isa = PBXFileReference; explicitFileType = "compiled.mach-o.executable"; includeInIndex = 0; path = atomicarray; sourceTree = BUILT_PRODUCTS_DIR; };
		E062648E1896CFE50073650D /* main.cpp */ = {isa = PBXFileReference; lastKnownFileType = sourcecode.cpp.cpp; path = main.cpp; sourceTree = "<group>"; };
		E06264901896CFE50073650D /* atomicarray.1 */ = {isa = PBXFileReference; lastKnownFileType = text.man; path = atomicarray.1; sourceTree = "<group>"; };
/* End PBXFileReference section */

/* Begin PBXFrameworksBuildPhase section */
		E06264881896CFE50073650D /* Frameworks */ = {
			isa = PBXFrameworksBuildPhase;
			buildActionMask = 2147483647;
			files = (
			);
			runOnlyForDeploymentPostprocessing = 0;
		};
/* End PBXFrameworksBuildPhase section */

/* Begin PBXGroup section */
		E06264821896CFE50073650D = {
			isa = PBXGroup;
			children = (
				E062648D1896CFE50073650D /* atomicarray */,
				E062648C1896CFE50073650D /* Products */,
			);
			sourceTree = "<group>";
		};
		E062648C1896CFE50073650D /* Products */ = {
			isa = PBXGroup;
			children = (
				E062648B1896CFE50073650D /* atomicarray */,
			);
			name = Products;
			sourceTree = "<group>";
		};
		E062648D1896CFE50073650D /* atomicarray */ = {
			isa = PBXGroup;
			children = (
				E062648E1896CFE50073650D /* main.cpp */,
				E06264901896CFE50073650D /* atomicarray.1 */,
			);
			path = atomicarray;
			sourceTree = "<group>";
		};
/* End PBXGroup section */

/* Begin PBXNativeTarget section */
		E062648A1896CFE50073650D /* atomicarray */ = {
			isa = PBXNativeTarget;
			buildConfigurationList = E06264941896CFE50073650D /* Build configuration list for PBXNativeTarget "atomicarray" */;
			buildPhases = (
				E06264871896CFE50073650D /* Sources */,
				E06264881896CFE50073650D /* Frameworks */,
				E06264891896CFE50073650D /* CopyFiles */,
			);
			buildRules = (
			);
			dependencies = (
			);
			name = atomicarray;
			productName = atomicarray;
			productReference = E062648B1896CFE50073650D /* atomicarray */;
			productType = "com.apple.product-type.tool";
		};
/* End PBXNativeTarget section */

/* Begin PBXProject section */
		E06264831896CFE50073650D /* Project object */ = {
			isa = PBXProject;
			attributes = {
				LastUpgradeCheck = 0500;
				ORGANIZATIONNAME = "Baris Kasikci";
			};
			buildConfigurationList = E06264861896CFE50073650D /* Build configuration list for PBXProject "atomicarray" */;
			compatibilityVersion = "Xcode 3.2";
			developmentRegion = English;
			hasScannedForEncodings = 0;
			knownRegions = (
				en,
			);
			mainGroup = E06264821896CFE50073650D;
			productRefGroup = E062648C1896CFE50073650D /* Products */;
			projectDirPath = "";
			projectRoot = "";
			targets = (
				E062648A1896CFE50073650D /* atomicarray */,
			);
		};
/* End PBXProject section */

/* Begin PBXSourcesBuildPhase section */
		E06264871896CFE50073650D /* Sources */ = {
			isa = PBXSourcesBuildPhase;
			buildActionMask = 2147483647;
			files = (
				E062648F1896CFE50073650D /* main.cpp in Sources */,
			);
			runOnlyForDeploymentPostprocessing = 0;
		};
/* End PBXSourcesBuildPhase section */

/* Begin XCBuildConfiguration section */
		E06264921896CFE50073650D /* Debug */ = {
			isa = XCBuildConfiguration;
			buildSettings = {
				ALWAYS_SEARCH_USER_PATHS = NO;
				CLANG_CXX_LANGUAGE_STANDARD = "gnu++0x";
				CLANG_CXX_LIBRARY = "libc++";
				CLANG_ENABLE_OBJC_ARC = YES;
				CLANG_WARN_BOOL_CONVERSION = YES;
				CLANG_WARN_CONSTANT_CONVERSION = YES;
				CLANG_WARN_DIRECT_OBJC_ISA_USAGE = YES_ERROR;
				CLANG_WARN_EMPTY_BODY = YES;
				CLANG_WARN_ENUM_CONVERSION = YES;
				CLANG_WARN_INT_CONVERSION = YES;
				CLANG_WARN_OBJC_ROOT_CLASS = YES_ERROR;
				CLANG_WARN__DUPLICATE_METHOD_MATCH = YES;
				COPY_PHASE_STRIP = NO;
				GCC_C_LANGUAGE_STANDARD = gnu99;
				GCC_DYNAMIC_NO_PIC = NO;
				GCC_ENABLE_OBJC_EXCEPTIONS = YES;
				GCC_OPTIMIZATION_LEVEL = 0;
				GCC_PREPROCESSOR_DEFINITIONS = (
					"DEBUG=1",
					"$(inherited)",
				);
				GCC_SYMBOLS_PRIVATE_EXTERN = NO;
				GCC_WARN_64_TO_32_BIT_CONVERSION = YES;
				GCC_WARN_ABOUT_RETURN_TYPE = YES_ERROR;
				GCC_WARN_UNDECLARED_SELECTOR = YES;
				GCC_WARN_UNINITIALIZED_AUTOS = YES;
				GCC_WARN_UNUSED_FUNCTION = YES;
				GCC_WARN_UNUSED_VARIABLE = YES;
				MACOSX_DEPLOYMENT_TARGET = 10.9;
				ONLY_ACTIVE_ARCH = YES;
				SDKROOT = macosx;
			};
			name = Debug;
		};
		E06264931896CFE50073650D /* Release */ = {
			isa = XCBuildConfiguration;
			buildSettings = {
				ALWAYS_SEARCH_USER_PATHS = NO;
				CLANG_CXX_LANGUAGE_STANDARD = "gnu++0x";
				CLANG_CXX_LIBRARY = "libc++";
				CLANG_ENABLE_OBJC_ARC = YES;
				CLANG_WARN_BOOL_CONVERSION = YES;
				CLANG_WARN_CONSTANT_CONVERSION = YES;
				CLANG_WARN_DIRECT_OBJC_ISA_USAGE = YES_ERROR;
				CLANG_WARN_EMPTY_BODY = YES;
				CLANG_WARN_ENUM_CONVERSION = YES;
				CLANG_WARN_INT_CONVERSION = YES;
				CLANG_WARN_OBJC_ROOT_CLASS = YES_ERROR;
				CLANG_WARN__DUPLICATE_METHOD_MATCH = YES;
				COPY_PHASE_STRIP = YES;
				DEBUG_INFORMATION_FORMAT = "dwarf-with-dsym";
				ENABLE_NS_ASSERTIONS = NO;
				GCC_C_LANGUAGE_STANDARD = gnu99;
				GCC_ENABLE_OBJC_EXCEPTIONS = YES;
				GCC_WARN_64_TO_32_BIT_CONVERSION = YES;
				GCC_WARN_ABOUT_RETURN_TYPE = YES_ERROR;
				GCC_WARN_UNDECLARED_SELECTOR = YES;
				GCC_WARN_UNINITIALIZED_AUTOS = YES;
				GCC_WARN_UNUSED_FUNCTION = YES;
				GCC_WARN_UNUSED_VARIABLE = YES;
				MACOSX_DEPLOYMENT_TARGET = 10.9;
				SDKROOT = macosx;
			};
			name = Release;
		};
		E06264951896CFE50073650D /* Debug */ = {
			isa = XCBuildConfiguration;
			buildSettings = {
				PRODUCT_NAME = "$(TARGET_NAME)";
			};
			name = Debug;
		};
		E06264961896CFE50073650D /* Release */ = {
			isa = XCBuildConfiguration;
			buildSettings = {
				PRODUCT_NAME = "$(TARGET_NAME)";
			};
			name = Release;
		};
/* End XCBuildConfiguration section */

/* Begin XCConfigurationList section */
		E06264861896CFE50073650D /* Build configuration list for PBXProject "atomicarray" */ = {
			isa = XCConfigurationList;
			buildConfigurations = (
				E06264921896CFE50073650D /* Debug */,
				E06264931896CFE50073650D /* Release */,
			);
			defaultConfigurationIsVisible = 0;
			defaultConfigurationName = Release;
		};
		E06264941896CFE50073650D /* Build configuration list for PBXNativeTarget "atomicarray" */ = {
			isa = XCConfigurationList;
			buildConfigurations = (
				E06264951896CFE50073650D /* Debug */,
				E06264961896CFE50073650D /* Release */,
			);
			defaultConfigurationIsVisible = 0;
		};
/* End XCConfigurationList section */
	};
	rootObject = E06264831896CFE50073650D /* Project object */;
}
